<?xml version="1.0" encoding="utf-8"?>
<Project ToolsVersion="4.0" xmlns="http://schemas.microsoft.com/developer/msbuild/2003">
  <ItemGroup>
    <ClCompile Include="src\src\machineID.cpp" />
    <ClCompile Include="src\src\main.cpp" />
    <ClCompile Include="src\src\md5Hash.cpp" />
    <ClCompile Include="src\src\Persistance\FilePersistence.cpp" />
    <ClCompile Include="src\src\Persistance\ServerPersistence.cpp" />
    <ClCompile Include="src\src\Serialization\CSVSerializer.cpp" />
    <ClCompile Include="src\src\Serialization\JSONSerializer.cpp" />
    <ClCompile Include="src\src\Utils.cpp" />
    <ClCompile Include="src\src\Tracker.cpp" />
    <ClCompile Include="src\src\TrackerAssets\ProgressionTracker.cpp" />
    <ClCompile Include="src\src\TrackerEvents\InstantaneousEvent.cpp" />
    <ClCompile Include="src\src\TrackerEvents\ProgressionEvent.cpp" />
    <ClCompile Include="src\src\TrackerEvents\SamplingEvent.cpp" />
    <ClCompile Include="src\src\TrackerEvents\TimeBasedEvent.cpp" />
    <ClCompile Include="src\src\TrackerEvents\TrackerEvent.cpp" />
  </ItemGroup>
  <ItemGroup>
    <ClInclude Include="src\include\ConcurrentQueue.h" />
    <ClInclude Include="src\include\CSVSerializer.h" />
    <ClInclude Include="src\include\FilePersistence.h" />
    <ClInclude Include="src\include\InstantaneousEvent.h" />
    <ClInclude Include="src\include\IPersistence.h" />
    <ClInclude Include="src\include\ISerializer.h" />
    <ClInclude Include="src\include\ITrackerAsset.h" />
    <ClInclude Include="src\include\JSONSerializer.h" />
    <ClInclude Include="src\include\machineID.h" />
    <ClInclude Include="src\include\md5Hash.h" />
    <ClInclude Include="src\include\ProgressionEvent.h" />
    <ClInclude Include="src\include\ProgressionTracker.h" />
    <ClInclude Include="src\include\SamplingEvent.h" />
    <ClInclude Include="src\include\ServerPersistence.h" />
    <ClInclude Include="src\include\TimeBasedEvent.h" />
    <ClInclude Include="src\include\Utils.h" />
    <ClInclude Include="src\include\Tracker.h" />
    <ClInclude Include="src\include\TrackerExports.h" />
    <ClInclude Include="src\include\TrackerEvent.h" />
  </ItemGroup>
</Project>